
Microsoft Visual Studio Solution File, Format Version 12.00
# Visual Studio Version 17
VisualStudioVersion = 17.8.34309.116
MinimumVisualStudioVersion = 10.0.40219.1
Project("{9A19103F-16F7-4668-BE54-9A1E7A4F7556}") = "DatabaseCodeGenetor", "DatabaseCodeGenetor\DatabaseCodeGenetor.csproj", "{C43D16E2-27C0-4DF1-AF33-908FE9FE3293}"
EndProject
Global
	GlobalSection(SolutionConfigurationPlatforms) = preSolution
		Debug|Any CPU = Debug|Any CPU
		Debug|x64 = Debug|x64
		Release|Any CPU = Release|Any CPU
		Release|x64 = Release|x64
	EndGlobalSection
	GlobalSection(ProjectConfigurationPlatforms) = postSolution
		{C43D16E2-27C0-4DF1-AF33-908FE9FE3293}.Debug|Any CPU.ActiveCfg = Debug|Any CPU
		{C43D16E2-27C0-4DF1-AF33-908FE9FE3293}.Debug|Any CPU.Build.0 = Debug|Any CPU
		{C43D16E2-27C0-4DF1-AF33-908FE9FE3293}.Debug|x64.ActiveCfg = Debug|Any CPU
		{C43D16E2-27C0-4DF1-AF33-908FE9FE3293}.Release|Any CPU.ActiveCfg = Release|Any CPU
		{C43D16E2-27C0-4DF1-AF33-908FE9FE3293}.Release|Any CPU.Build.0 = Release|Any CPU
		{C43D16E2-27C0-4DF1-AF33-908FE9FE3293}.Release|x64.ActiveCfg = Release|Any CPU
	EndGlobalSection
	GlobalSection(SolutionProperties) = preSolution
		HideSolutionNode = FALSE
	EndGlobalSection
	GlobalSection(ExtensibilityGlobals) = postSolution
		SolutionGuid = {C6C532AB-296B-4265-8CC2-C3B088D8593B}
	EndGlobalSection
EndGlobal
